<?xml version="1.0" encoding="utf-8"?>
<Project ToolsVersion="4.0" xmlns="http://schemas.microsoft.com/developer/msbuild/2003">
  <ItemGroup>
    <Filter Include="Source Files">
      <UniqueIdentifier>{4FC737F1-C7A5-4376-A066-2A32D752A2FF}</UniqueIdentifier>
      <Extensions>cpp;c;cc;cxx;def;odl;idl;hpj;bat;asm;asmx</Extensions>
    </Filter>
    <Filter Include="Header Files">
      <UniqueIdentifier>{93995380-89BD-4b04-88EB-625FBE52EBFB}</UniqueIdentifier>
      <Extensions>h;hh;hpp;hxx;hm;inl;inc;xsd</Extensions>
    </Filter>
    <Filter Include="Resource Files">
      <UniqueIdentifier>{67DA6AB6-F800-4c08-8B7A-83BB121AAD01}</UniqueIdentifier>
      <Extensions>rc;ico;cur;bmp;dlg;rc2;rct;bin;rgs;gif;jpg;jpeg;jpe;resx;tiff;tif;png;wav;mfcribbon-ms</Extensions>
    </Filter>
  </ItemGroup>
  <ItemGroup>
    <Text Include="ReadMe.txt" />
  </ItemGroup>
  <ItemGroup>
    <ClInclude Include="stdafx.h">
      <Filter>Header Files</Filter>
    </ClInclude>
    <ClInclude Include="targetver.h">
      <Filter>Header Files</Filter>
    </ClInclude>
    <ClInclude Include="Resource.h">
      <Filter>Header Files</Filter>
    </ClInclude>
    <ClInclude Include="RevelationsEngine.h">
      <Filter>Header Files</Filter>
    </ClInclude>
    <ClInclude Include="RevEngineMain.h">
      <Filter>Header Files</Filter>
    </ClInclude>
    <ClInclude Include="RevModel.h">
      <Filter>Header Files</Filter>
    </ClInclude>
    <ClInclude Include="RevUploadBuffer.h">
      <Filter>Header Files</Filter>
    </ClInclude>
    <ClInclude Include="RevUtils.h">
      <Filter>Header Files</Filter>
    </ClInclude>
    <ClInclude Include="RevShadermanager.h">
      <Filter>Header Files</Filter>
    </ClInclude>
    <ClInclude Include="RevModelManager.h">
      <Filter>Header Files</Filter>
    </ClInclude>
    <ClInclude Include="RevInstance.h">
      <Filter>Header Files</Filter>
    </ClInclude>
    <ClInclude Include="RevFrameResource.h">
      <Filter>Header Files</Filter>
    </ClInclude>
    <ClInclude Include="RevCamera.h">
      <Filter>Header Files</Filter>
    </ClInclude>
    <ClInclude Include="RevModelLoader.h">
      <Filter>Header Files</Filter>
    </ClInclude>
    <ClInclude Include="RevMapLoader.h">
      <Filter>Header Files</Filter>
    </ClInclude>
    <ClInclude Include="RevWorld.h">
      <Filter>Header Files</Filter>
    </ClInclude>
    <ClInclude Include="RevTypes.h">
      <Filter>Header Files</Filter>
    </ClInclude>
    <ClInclude Include="RevRenderManager.h">
      <Filter>Header Files</Filter>
    </ClInclude>
    <ClInclude Include="MicrosoftDDSLoader.h">
      <Filter>Header Files</Filter>
    </ClInclude>
    <ClInclude Include="RevModelInstance.h">
      <Filter>Header Files</Filter>
    </ClInclude>
    <ClInclude Include="RevUIManager.h">
      <Filter>Header Files</Filter>
    </ClInclude>
    <ClInclude Include="imgui\imgui.h">
      <Filter>Header Files</Filter>
    </ClInclude>
    <ClInclude Include="imgui\imconfig.h">
      <Filter>Header Files</Filter>
    </ClInclude>
    <ClInclude Include="imgui\imgui_internal.h">
      <Filter>Header Files</Filter>
    </ClInclude>
    <ClInclude Include="imgui\stb_rect_pack.h">
      <Filter>Header Files</Filter>
    </ClInclude>
    <ClInclude Include="imgui\stb_textedit.h">
      <Filter>Header Files</Filter>
    </ClInclude>
    <ClInclude Include="imgui\stb_truetype.h">
      <Filter>Header Files</Filter>
    </ClInclude>
    <ClInclude Include="RevEngineEditorMain.h">
      <Filter>Header Files</Filter>
    </ClInclude>
    <ClInclude Include="RevConsole.h">
      <Filter>Header Files</Filter>
    </ClInclude>
    <ClInclude Include="RevWorldLoader.h">
      <Filter>Header Files</Filter>
    </ClInclude>
    <ClInclude Include="rapidxml\rapidxml.hpp">
      <Filter>Header Files</Filter>
    </ClInclude>
    <ClInclude Include="rapidxml\rapidxml_iterators.hpp">
      <Filter>Header Files</Filter>
    </ClInclude>
    <ClInclude Include="rapidxml\rapidxml_print.hpp">
      <Filter>Header Files</Filter>
    </ClInclude>
    <ClInclude Include="rapidxml\rapidxml_utils.hpp">
      <Filter>Header Files</Filter>
    </ClInclude>
    <ClInclude Include="MathLib\RevMatrix.h">
      <Filter>Header Files</Filter>
    </ClInclude>
    <ClInclude Include="MathLib\RevVector.h">
      <Filter>Header Files</Filter>
    </ClInclude>
    <ClInclude Include="MathLib\RevMath.h">
      <Filter>Header Files</Filter>
    </ClInclude>
    <ClInclude Include="RevEngineFunctions.h">
      <Filter>Header Files</Filter>
    </ClInclude>
    <ClInclude Include="RevLightManager.h">
      <Filter>Header Files</Filter>
    </ClInclude>
    <ClInclude Include="RevEnums.h">
      <Filter>Header Files</Filter>
    </ClInclude>
    <ClInclude Include="MathLib\RevQuat.h">
      <Filter>Header Files</Filter>
    </ClInclude>
    <ClInclude Include="RevAnimation.h">
      <Filter>Header Files</Filter>
    </ClInclude>
    <ClInclude Include="RevArchive.h">
      <Filter>Header Files</Filter>
    </ClInclude>
    <ClInclude Include="RevDefines.h">
      <Filter>Header Files</Filter>
    </ClInclude>
    <ClInclude Include="RevInputManager.h">
      <Filter>Header Files</Filter>
    </ClInclude>
    <ClInclude Include="RevScene.h">
      <Filter>Header Files</Filter>
    </ClInclude>
    <ClInclude Include="RevUITypes.h">
      <Filter>Header Files</Filter>
    </ClInclude>
  </ItemGroup>
  <ItemGroup>
    <ClCompile Include="stdafx.cpp">
      <Filter>Source Files</Filter>
    </ClCompile>
    <ClCompile Include="RevelationsEngine.cpp">
      <Filter>Source Files</Filter>
    </ClCompile>
    <ClCompile Include="RevEngineMain.cpp">
      <Filter>Source Files</Filter>
    </ClCompile>
    <ClCompile Include="RevModel.cpp">
      <Filter>Source Files</Filter>
    </ClCompile>
    <ClCompile Include="RevUtils.cpp">
      <Filter>Source Files</Filter>
    </ClCompile>
    <ClCompile Include="RevShaderManager.cpp">
      <Filter>Source Files</Filter>
    </ClCompile>
    <ClCompile Include="RevModelManager.cpp">
      <Filter>Source Files</Filter>
    </ClCompile>
    <ClCompile Include="RevInstance.cpp">
      <Filter>Source Files</Filter>
    </ClCompile>
    <ClCompile Include="RevFrameResource.cpp">
      <Filter>Source Files</Filter>
    </ClCompile>
    <ClCompile Include="RevCamera.cpp">
      <Filter>Source Files</Filter>
    </ClCompile>
    <ClCompile Include="RevModelLoader.cpp">
      <Filter>Source Files</Filter>
    </ClCompile>
    <ClCompile Include="RevMapLoader.cpp">
      <Filter>Source Files</Filter>
    </ClCompile>
    <ClCompile Include="RevWorld.cpp">
      <Filter>Source Files</Filter>
    </ClCompile>
    <ClCompile Include="RevRenderManager.cpp">
      <Filter>Source Files</Filter>
    </ClCompile>
    <ClCompile Include="MicrosoftDDSLoader.cpp">
      <Filter>Source Files</Filter>
    </ClCompile>
    <ClCompile Include="RevTypes.cpp">
      <Filter>Source Files</Filter>
    </ClCompile>
    <ClCompile Include="RevUIManager.cpp">
      <Filter>Source Files</Filter>
    </ClCompile>
    <ClCompile Include="imgui\imgui.cpp">
      <Filter>Source Files</Filter>
    </ClCompile>
    <ClCompile Include="imgui\imgui_draw.cpp">
      <Filter>Source Files</Filter>
    </ClCompile>
    <ClCompile Include="RevEngineEditorMain.cpp">
      <Filter>Source Files</Filter>
    </ClCompile>
    <ClCompile Include="RevConsole.cpp">
      <Filter>Source Files</Filter>
    </ClCompile>
    <ClCompile Include="RevWorldLoader.cpp">
      <Filter>Source Files</Filter>
    </ClCompile>
    <ClCompile Include="RevEngineFunctions.cpp">
      <Filter>Source Files</Filter>
    </ClCompile>
    <ClCompile Include="RevLightManager.cpp">
      <Filter>Source Files</Filter>
    </ClCompile>
    <ClCompile Include="RevAnimation.cpp">
      <Filter>Source Files</Filter>
    </ClCompile>
    <ClCompile Include="MathLib\RevMath.cpp">
      <Filter>Source Files</Filter>
    </ClCompile>
    <ClCompile Include="RevArchive.cpp">
      <Filter>Source Files</Filter>
    </ClCompile>
    <ClCompile Include="RevInputManager.cpp">
      <Filter>Source Files</Filter>
    </ClCompile>
    <ClCompile Include="RevScene.cpp">
      <Filter>Source Files</Filter>
    </ClCompile>
    <ClCompile Include="RevUITypes.cpp">
      <Filter>Source Files</Filter>
    </ClCompile>
  </ItemGroup>
  <ItemGroup>
    <ResourceCompile Include="RevelationsEngine.rc">
      <Filter>Resource Files</Filter>
    </ResourceCompile>
  </ItemGroup>
  <ItemGroup>
    <Image Include="small.ico">
      <Filter>Resource Files</Filter>
    </Image>
    <Image Include="RevelationsEngine.ico">
      <Filter>Resource Files</Filter>
    </Image>
  </ItemGroup>
</Project>